
Microsoft Visual Studio Solution File, Format Version 12.00
Project("{FAE04EC0-301F-11D3-BF4B-00C04F79EFBC}") = "DevQuestions.Domain", "src\DevQuestions.Domain\DevQuestions.Domain.csproj", "{0F760E54-27CB-4537-BA3A-13E16A0382D0}"
EndProject
Project("{2150E333-8FDC-42A3-9474-1A3956D46DE8}") = "src", "src", "{CD3D4C41-468C-4A65-935D-C5B666B7224B}"
EndProject
Project("{FAE04EC0-301F-11D3-BF4B-00C04F79EFBC}") = "DevQuestions.Web", "src\DevQuestions.Web\DevQuestions.Web.csproj", "{030E27A5-29F3-4236-85E6-A27F7FDB1916}"
EndProject
Project("{FAE04EC0-301F-11D3-BF4B-00C04F79EFBC}") = "DevQuestions.Presenters", "src\DevQuestions.Presenters\DevQuestions.Presenters.csproj", "{0425D9DB-03B0-4847-84FF-F71DBD2D9375}"
EndProject
Project("{2150E333-8FDC-42A3-9474-1A3956D46DE8}") = "Solution Items", "Solution Items", "{3D0A5098-563D-47FA-B447-E95AA9B2B4B6}"
	ProjectSection(SolutionItems) = preProject
		Directory.Build.props = Directory.Build.props
		.editorconfig = .editorconfig
	EndProjectSection
EndProject
Project("{FAE04EC0-301F-11D3-BF4B-00C04F79EFBC}") = "DevQuestions.Contracts", "src\DevQuestions.Contracts\DevQuestions.Contracts.csproj", "{1784C3DE-68A6-40D6-8BBD-4353A3F89282}"
EndProject
Project("{FAE04EC0-301F-11D3-BF4B-00C04F79EFBC}") = "DevQuestions.Application", "src\DevQuestions.Application \DevQuestions.Application.csproj", "{B07971FB-93D5-4E2C-B939-A7771CBA4574}"
EndProject
Project("{FAE04EC0-301F-11D3-BF4B-00C04F79EFBC}") = "DevQuestion.Infrastructure.Postgres", "src\DevQuestion.Infrastructure.Postgres\DevQuestion.Infrastructure.Postgres.csproj", "{49B676FD-3221-495E-9467-5DB93B10423C}"
EndProject
Project("{FAE04EC0-301F-11D3-BF4B-00C04F79EFBC}") = "DevQuestion.Infrastructure.ElasticSearch", "src\DevQuestion.Infrastructure.ElasticSearch\DevQuestion.Infrastructure.ElasticSearch.csproj", "{95E8C503-90BC-49CF-9A7E-747B3A99BDA5}"
EndProject
Project("{FAE04EC0-301F-11D3-BF4B-00C04F79EFBC}") = "DevQuestions.Infrastructure.S3", "src\DevQuestions.Infrastructure.S3\DevQuestions.Infrastructure.S3.csproj", "{B34AA38F-5FC7-4738-B04C-9528A00EBF67}"
EndProject
Project("{FAE04EC0-301F-11D3-BF4B-00C04F79EFBC}") = "Shared", "src\Shared\Shared.csproj", "{8FCABB28-09CE-40D5-BFA1-76497C6DC3D2}"
EndProject
Global
	GlobalSection(SolutionConfigurationPlatforms) = preSolution
		Debug|Any CPU = Debug|Any CPU
		Release|Any CPU = Release|Any CPU
	EndGlobalSection
	GlobalSection(ProjectConfigurationPlatforms) = postSolution
		{0F760E54-27CB-4537-BA3A-13E16A0382D0}.Debug|Any CPU.ActiveCfg = Debug|Any CPU
		{0F760E54-27CB-4537-BA3A-13E16A0382D0}.Debug|Any CPU.Build.0 = Debug|Any CPU
		{0F760E54-27CB-4537-BA3A-13E16A0382D0}.Release|Any CPU.ActiveCfg = Release|Any CPU
		{0F760E54-27CB-4537-BA3A-13E16A0382D0}.Release|Any CPU.Build.0 = Release|Any CPU
		{030E27A5-29F3-4236-85E6-A27F7FDB1916}.Debug|Any CPU.ActiveCfg = Debug|Any CPU
		{030E27A5-29F3-4236-85E6-A27F7FDB1916}.Debug|Any CPU.Build.0 = Debug|Any CPU
		{030E27A5-29F3-4236-85E6-A27F7FDB1916}.Release|Any CPU.ActiveCfg = Release|Any CPU
		{030E27A5-29F3-4236-85E6-A27F7FDB1916}.Release|Any CPU.Build.0 = Release|Any CPU
		{0425D9DB-03B0-4847-84FF-F71DBD2D9375}.Debug|Any CPU.ActiveCfg = Debug|Any CPU
		{0425D9DB-03B0-4847-84FF-F71DBD2D9375}.Debug|Any CPU.Build.0 = Debug|Any CPU
		{0425D9DB-03B0-4847-84FF-F71DBD2D9375}.Release|Any CPU.ActiveCfg = Release|Any CPU
		{0425D9DB-03B0-4847-84FF-F71DBD2D9375}.Release|Any CPU.Build.0 = Release|Any CPU
		{1784C3DE-68A6-40D6-8BBD-4353A3F89282}.Debug|Any CPU.ActiveCfg = Debug|Any CPU
		{1784C3DE-68A6-40D6-8BBD-4353A3F89282}.Debug|Any CPU.Build.0 = Debug|Any CPU
		{1784C3DE-68A6-40D6-8BBD-4353A3F89282}.Release|Any CPU.ActiveCfg = Release|Any CPU
		{1784C3DE-68A6-40D6-8BBD-4353A3F89282}.Release|Any CPU.Build.0 = Release|Any CPU
		{B07971FB-93D5-4E2C-B939-A7771CBA4574}.Debug|Any CPU.ActiveCfg = Debug|Any CPU
		{B07971FB-93D5-4E2C-B939-A7771CBA4574}.Debug|Any CPU.Build.0 = Debug|Any CPU
		{B07971FB-93D5-4E2C-B939-A7771CBA4574}.Release|Any CPU.ActiveCfg = Release|Any CPU
		{B07971FB-93D5-4E2C-B939-A7771CBA4574}.Release|Any CPU.Build.0 = Release|Any CPU
		{49B676FD-3221-495E-9467-5DB93B10423C}.Debug|Any CPU.ActiveCfg = Debug|Any CPU
		{49B676FD-3221-495E-9467-5DB93B10423C}.Debug|Any CPU.Build.0 = Debug|Any CPU
		{49B676FD-3221-495E-9467-5DB93B10423C}.Release|Any CPU.ActiveCfg = Release|Any CPU
		{49B676FD-3221-495E-9467-5DB93B10423C}.Release|Any CPU.Build.0 = Release|Any CPU
		{95E8C503-90BC-49CF-9A7E-747B3A99BDA5}.Debug|Any CPU.ActiveCfg = Debug|Any CPU
		{95E8C503-90BC-49CF-9A7E-747B3A99BDA5}.Debug|Any CPU.Build.0 = Debug|Any CPU
		{95E8C503-90BC-49CF-9A7E-747B3A99BDA5}.Release|Any CPU.ActiveCfg = Release|Any CPU
		{95E8C503-90BC-49CF-9A7E-747B3A99BDA5}.Release|Any CPU.Build.0 = Release|Any CPU
		{B34AA38F-5FC7-4738-B04C-9528A00EBF67}.Debug|Any CPU.ActiveCfg = Debug|Any CPU
		{B34AA38F-5FC7-4738-B04C-9528A00EBF67}.Debug|Any CPU.Build.0 = Debug|Any CPU
		{B34AA38F-5FC7-4738-B04C-9528A00EBF67}.Release|Any CPU.ActiveCfg = Release|Any CPU
		{B34AA38F-5FC7-4738-B04C-9528A00EBF67}.Release|Any CPU.Build.0 = Release|Any CPU
		{8FCABB28-09CE-40D5-BFA1-76497C6DC3D2}.Debug|Any CPU.ActiveCfg = Debug|Any CPU
		{8FCABB28-09CE-40D5-BFA1-76497C6DC3D2}.Debug|Any CPU.Build.0 = Debug|Any CPU
		{8FCABB28-09CE-40D5-BFA1-76497C6DC3D2}.Release|Any CPU.ActiveCfg = Release|Any CPU
		{8FCABB28-09CE-40D5-BFA1-76497C6DC3D2}.Release|Any CPU.Build.0 = Release|Any CPU
	EndGlobalSection
	GlobalSection(NestedProjects) = preSolution
		{0F760E54-27CB-4537-BA3A-13E16A0382D0} = {CD3D4C41-468C-4A65-935D-C5B666B7224B}
		{030E27A5-29F3-4236-85E6-A27F7FDB1916} = {CD3D4C41-468C-4A65-935D-C5B666B7224B}
		{0425D9DB-03B0-4847-84FF-F71DBD2D9375} = {CD3D4C41-468C-4A65-935D-C5B666B7224B}
		{1784C3DE-68A6-40D6-8BBD-4353A3F89282} = {CD3D4C41-468C-4A65-935D-C5B666B7224B}
		{B07971FB-93D5-4E2C-B939-A7771CBA4574} = {CD3D4C41-468C-4A65-935D-C5B666B7224B}
		{49B676FD-3221-495E-9467-5DB93B10423C} = {CD3D4C41-468C-4A65-935D-C5B666B7224B}
		{95E8C503-90BC-49CF-9A7E-747B3A99BDA5} = {CD3D4C41-468C-4A65-935D-C5B666B7224B}
		{B34AA38F-5FC7-4738-B04C-9528A00EBF67} = {CD3D4C41-468C-4A65-935D-C5B666B7224B}
		{8FCABB28-09CE-40D5-BFA1-76497C6DC3D2} = {CD3D4C41-468C-4A65-935D-C5B666B7224B}
	EndGlobalSection
EndGlobal
